
Microsoft Visual Studio Solution File, Format Version 11.00
# Visual Studio 2010
# SharpDevelop 4.4
Project("{FAE04EC0-301F-11D3-BF4B-00C04F79EFBC}") = "repositorio", "repositorio\repositorio.csproj", "{B55FFEC7-B823-41A0-B1BE-CCB683209F9A}"
EndProject
Global
	GlobalSection(SolutionConfigurationPlatforms) = preSolution
		Debug|Any CPU = Debug|Any CPU
		Release|Any CPU = Release|Any CPU
	EndGlobalSection
	GlobalSection(ProjectConfigurationPlatforms) = postSolution
		{B55FFEC7-B823-41A0-B1BE-CCB683209F9A}.Debug|Any CPU.Build.0 = Debug|Any CPU
		{B55FFEC7-B823-41A0-B1BE-CCB683209F9A}.Debug|Any CPU.ActiveCfg = Debug|Any CPU
		{B55FFEC7-B823-41A0-B1BE-CCB683209F9A}.Release|Any CPU.Build.0 = Release|Any CPU
		{B55FFEC7-B823-41A0-B1BE-CCB683209F9A}.Release|Any CPU.ActiveCfg = Release|Any CPU
	EndGlobalSection
EndGlobal
